// !$*UTF8*$!
{
	archiveVersion = 1;
	classes = {
	};
	objectVersion = 50;
	objects = {

/* Begin PBXBuildFile section */
		5B8FB68922D4350700038BBD /* RootViewController.swift in Sources */ = {isa = PBXBuildFile; fileRef = 5B8FB68822D4350700038BBD /* RootViewController.swift */; };
		5B932D8C22CDC8C000FF8137 /* AppDelegate.swift in Sources */ = {isa = PBXBuildFile; fileRef = 5B932D8B22CDC8C000FF8137 /* AppDelegate.swift */; };
		5B932D8E22CDC8C000FF8137 /* art.scnassets in Resources */ = {isa = PBXBuildFile; fileRef = 5B932D8D22CDC8C000FF8137 /* art.scnassets */; };
		5B932D9022CDC8C000FF8137 /* ViewController.swift in Sources */ = {isa = PBXBuildFile; fileRef = 5B932D8F22CDC8C000FF8137 /* ViewController.swift */; };
		5B932D9322CDC8C000FF8137 /* Main.storyboard in Resources */ = {isa = PBXBuildFile; fileRef = 5B932D9122CDC8C000FF8137 /* Main.storyboard */; };
		5B932D9522CDC8C100FF8137 /* Assets.xcassets in Resources */ = {isa = PBXBuildFile; fileRef = 5B932D9422CDC8C100FF8137 /* Assets.xcassets */; };
		5B932D9822CDC8C100FF8137 /* LaunchScreen.storyboard in Resources */ = {isa = PBXBuildFile; fileRef = 5B932D9622CDC8C100FF8137 /* LaunchScreen.storyboard */; };
		5B932DA122CEF03000FF8137 /* TF_PlaneTrackViewController.swift in Sources */ = {isa = PBXBuildFile; fileRef = 5B932DA022CEF03000FF8137 /* TF_PlaneTrackViewController.swift */; };
		5B932DA322CEF04700FF8137 /* TF_FaceTrackViewController.swift in Sources */ = {isa = PBXBuildFile; fileRef = 5B932DA222CEF04700FF8137 /* TF_FaceTrackViewController.swift */; };
		5B932DA522CEF06B00FF8137 /* TF_ImageRecongizeViewController.swift in Sources */ = {isa = PBXBuildFile; fileRef = 5B932DA422CEF06B00FF8137 /* TF_ImageRecongizeViewController.swift */; };
		5B932DA722CF19DC00FF8137 /* TF_View.swift in Sources */ = {isa = PBXBuildFile; fileRef = 5B932DA622CF19DC00FF8137 /* TF_View.swift */; };
/* End PBXBuildFile section */

/* Begin PBXFileReference section */
		5B8FB68822D4350700038BBD /* RootViewController.swift */ = {isa = PBXFileReference; lastKnownFileType = sourcecode.swift; path = RootViewController.swift; sourceTree = "<group>"; };
		5B932D8822CDC8C000FF8137 /* ARDemo.app */ = {isa = PBXFileReference; explicitFileType = wrapper.application; includeInIndex = 0; path = ARDemo.app; sourceTree = BUILT_PRODUCTS_DIR; };
		5B932D8B22CDC8C000FF8137 /* AppDelegate.swift */ = {isa = PBXFileReference; lastKnownFileType = sourcecode.swift; path = AppDelegate.swift; sourceTree = "<group>"; };
		5B932D8D22CDC8C000FF8137 /* art.scnassets */ = {isa = PBXFileReference; lastKnownFileType = wrapper.scnassets; path = art.scnassets; sourceTree = "<group>"; };
		5B932D8F22CDC8C000FF8137 /* ViewController.swift */ = {isa = PBXFileReference; lastKnownFileType = sourcecode.swift; path = ViewController.swift; sourceTree = "<group>"; };
		5B932D9222CDC8C000FF8137 /* Base */ = {isa = PBXFileReference; lastKnownFileType = file.storyboard; name = Base; path = Base.lproj/Main.storyboard; sourceTree = "<group>"; };
		5B932D9422CDC8C100FF8137 /* Assets.xcassets */ = {isa = PBXFileReference; lastKnownFileType = folder.assetcatalog; path = Assets.xcassets; sourceTree = "<group>"; };
		5B932D9722CDC8C100FF8137 /* Base */ = {isa = PBXFileReference; lastKnownFileType = file.storyboard; name = Base; path = Base.lproj/LaunchScreen.storyboard; sourceTree = "<group>"; };
		5B932D9922CDC8C100FF8137 /* Info.plist */ = {isa = PBXFileReference; lastKnownFileType = text.plist.xml; path = Info.plist; sourceTree = "<group>"; };
		5B932DA022CEF03000FF8137 /* TF_PlaneTrackViewController.swift */ = {isa = PBXFileReference; lastKnownFileType = sourcecode.swift; path = TF_PlaneTrackViewController.swift; sourceTree = "<group>"; };
		5B932DA222CEF04700FF8137 /* TF_FaceTrackViewController.swift */ = {isa = PBXFileReference; lastKnownFileType = sourcecode.swift; path = TF_FaceTrackViewController.swift; sourceTree = "<group>"; };
		5B932DA422CEF06B00FF8137 /* TF_ImageRecongizeViewController.swift */ = {isa = PBXFileReference; lastKnownFileType = sourcecode.swift; path = TF_ImageRecongizeViewController.swift; sourceTree = "<group>"; };
		5B932DA622CF19DC00FF8137 /* TF_View.swift */ = {isa = PBXFileReference; lastKnownFileType = sourcecode.swift; path = TF_View.swift; sourceTree = "<group>"; };
/* End PBXFileReference section */

/* Begin PBXFrameworksBuildPhase section */
		5B932D8522CDC8C000FF8137 /* Frameworks */ = {
			isa = PBXFrameworksBuildPhase;
			buildActionMask = 2147483647;
			files = (
			);
			runOnlyForDeploymentPostprocessing = 0;
		};
/* End PBXFrameworksBuildPhase section */

/* Begin PBXGroup section */
		5B932D7F22CDC8C000FF8137 = {
			isa = PBXGroup;
			children = (
				5B932D8A22CDC8C000FF8137 /* ARDemo */,
				5B932D8922CDC8C000FF8137 /* Products */,
			);
			sourceTree = "<group>";
		};
		5B932D8922CDC8C000FF8137 /* Products */ = {
			isa = PBXGroup;
			children = (
				5B932D8822CDC8C000FF8137 /* ARDemo.app */,
			);
			name = Products;
			sourceTree = "<group>";
		};
		5B932D8A22CDC8C000FF8137 /* ARDemo */ = {
			isa = PBXGroup;
			children = (
				5B932D8B22CDC8C000FF8137 /* AppDelegate.swift */,
				5B932DA622CF19DC00FF8137 /* TF_View.swift */,
				5B8FB68822D4350700038BBD /* RootViewController.swift */,
				5B932D8F22CDC8C000FF8137 /* ViewController.swift */,
				5B932DA022CEF03000FF8137 /* TF_PlaneTrackViewController.swift */,
				5B932DA222CEF04700FF8137 /* TF_FaceTrackViewController.swift */,
				5B932DA422CEF06B00FF8137 /* TF_ImageRecongizeViewController.swift */,
				5B932D9122CDC8C000FF8137 /* Main.storyboard */,
				5B932D8D22CDC8C000FF8137 /* art.scnassets */,
				5B932D9422CDC8C100FF8137 /* Assets.xcassets */,
				5B932D9622CDC8C100FF8137 /* LaunchScreen.storyboard */,
				5B932D9922CDC8C100FF8137 /* Info.plist */,
			);
			path = ARDemo;
			sourceTree = "<group>";
		};
/* End PBXGroup section */

/* Begin PBXNativeTarget section */
		5B932D8722CDC8C000FF8137 /* ARDemo */ = {
			isa = PBXNativeTarget;
			buildConfigurationList = 5B932D9C22CDC8C100FF8137 /* Build configuration list for PBXNativeTarget "ARDemo" */;
			buildPhases = (
				5B932D8422CDC8C000FF8137 /* Sources */,
				5B932D8522CDC8C000FF8137 /* Frameworks */,
				5B932D8622CDC8C000FF8137 /* Resources */,
			);
			buildRules = (
			);
			dependencies = (
			);
			name = ARDemo;
			productName = ARDemo;
			productReference = 5B932D8822CDC8C000FF8137 /* ARDemo.app */;
			productType = "com.apple.product-type.application";
		};
/* End PBXNativeTarget section */

/* Begin PBXProject section */
		5B932D8022CDC8C000FF8137 /* Project object */ = {
			isa = PBXProject;
			attributes = {
				LastSwiftUpdateCheck = 1020;
				LastUpgradeCheck = 1020;
				ORGANIZATIONNAME = "Twisted Fate";
				TargetAttributes = {
					5B932D8722CDC8C000FF8137 = {
						CreatedOnToolsVersion = 10.2.1;
					};
				};
			};
			buildConfigurationList = 5B932D8322CDC8C000FF8137 /* Build configuration list for PBXProject "ARDemo" */;
			compatibilityVersion = "Xcode 9.3";
			developmentRegion = en;
			hasScannedForEncodings = 0;
			knownRegions = (
				en,
				Base,
			);
			mainGroup = 5B932D7F22CDC8C000FF8137;
			productRefGroup = 5B932D8922CDC8C000FF8137 /* Products */;
			projectDirPath = "";
			projectRoot = "";
			targets = (
				5B932D8722CDC8C000FF8137 /* ARDemo */,
			);
		};
/* End PBXProject section */

/* Begin PBXResourcesBuildPhase section */
		5B932D8622CDC8C000FF8137 /* Resources */ = {
			isa = PBXResourcesBuildPhase;
			buildActionMask = 2147483647;
			files = (
				5B932D8E22CDC8C000FF8137 /* art.scnassets in Resources */,
				5B932D9822CDC8C100FF8137 /* LaunchScreen.storyboard in Resources */,
				5B932D9522CDC8C100FF8137 /* Assets.xcassets in Resources */,
				5B932D9322CDC8C000FF8137 /* Main.storyboard in Resources */,
			);
			runOnlyForDeploymentPostprocessing = 0;
		};
/* End PBXResourcesBuildPhase section */

/* Begin PBXSourcesBuildPhase section */
		5B932D8422CDC8C000FF8137 /* Sources */ = {
			isa = PBXSourcesBuildPhase;
			buildActionMask = 2147483647;
			files = (
				5B932DA722CF19DC00FF8137 /* TF_View.swift in Sources */,
				5B932D9022CDC8C000FF8137 /* ViewController.swift in Sources */,
				5B932DA122CEF03000FF8137 /* TF_PlaneTrackViewController.swift in Sources */,
				5B8FB68922D4350700038BBD /* RootViewController.swift in Sources */,
				5B932DA322CEF04700FF8137 /* TF_FaceTrackViewController.swift in Sources */,
				5B932D8C22CDC8C000FF8137 /* AppDelegate.swift in Sources */,
				5B932DA522CEF06B00FF8137 /* TF_ImageRecongizeViewController.swift in Sources */,
			);
			runOnlyForDeploymentPostprocessing = 0;
		};
/* End PBXSourcesBuildPhase section */

/* Begin PBXVariantGroup section */
		5B932D9122CDC8C000FF8137 /* Main.storyboard */ = {
			isa = PBXVariantGroup;
			children = (
				5B932D9222CDC8C000FF8137 /* Base */,
			);
			name = Main.storyboard;
			sourceTree = "<group>";
		};
		5B932D9622CDC8C100FF8137 /* LaunchScreen.storyboard */ = {
			isa = PBXVariantGroup;
			children = (
				5B932D9722CDC8C100FF8137 /* Base */,
			);
			name = LaunchScreen.storyboard;
			sourceTree = "<group>";
		};
/* End PBXVariantGroup section */

/* Begin XCBuildConfiguration section */
		5B932D9A22CDC8C100FF8137 /* Debug */ = {
			isa = XCBuildConfiguration;
			buildSettings = {
				ALWAYS_SEARCH_USER_PATHS = NO;
				CLANG_ANALYZER_NONNULL = YES;
				CLANG_ANALYZER_NUMBER_OBJECT_CONVERSION = YES_AGGRESSIVE;
				CLANG_CXX_LANGUAGE_STANDARD = "gnu++14";
				CLANG_CXX_LIBRARY = "libc++";
				CLANG_ENABLE_MODULES = YES;
				CLANG_ENABLE_OBJC_ARC = YES;
				CLANG_ENABLE_OBJC_WEAK = YES;
				CLANG_WARN_BLOCK_CAPTURE_AUTORELEASING = YES;
				CLANG_WARN_BOOL_CONVERSION = YES;
				CLANG_WARN_COMMA = YES;
				CLANG_WARN_CONSTANT_CONVERSION = YES;
				CLANG_WARN_DEPRECATED_OBJC_IMPLEMENTATIONS = YES;
				CLANG_WARN_DIRECT_OBJC_ISA_USAGE = YES_ERROR;
				CLANG_WARN_DOCUMENTATION_COMMENTS = YES;
				CLANG_WARN_EMPTY_BODY = YES;
				CLANG_WARN_ENUM_CONVERSION = YES;
				CLANG_WARN_INFINITE_RECURSION = YES;
				CLANG_WARN_INT_CONVERSION = YES;
				CLANG_WARN_NON_LITERAL_NULL_CONVERSION = YES;
				CLANG_WARN_OBJC_IMPLICIT_RETAIN_SELF = YES;
				CLANG_WARN_OBJC_LITERAL_CONVERSION = YES;
				CLANG_WARN_OBJC_ROOT_CLASS = YES_ERROR;
				CLANG_WARN_RANGE_LOOP_ANALYSIS = YES;
				CLANG_WARN_STRICT_PROTOTYPES = YES;
				CLANG_WARN_SUSPICIOUS_MOVE = YES;
				CLANG_WARN_UNGUARDED_AVAILABILITY = YES_AGGRESSIVE;
				CLANG_WARN_UNREACHABLE_CODE = YES;
				CLANG_WARN__DUPLICATE_METHOD_MATCH = YES;
				CODE_SIGN_IDENTITY = "iPhone Developer";
				COPY_PHASE_STRIP = NO;
				DEBUG_INFORMATION_FORMAT = dwarf;
				ENABLE_STRICT_OBJC_MSGSEND = YES;
				ENABLE_TESTABILITY = YES;
				GCC_C_LANGUAGE_STANDARD = gnu11;
				GCC_DYNAMIC_NO_PIC = NO;
				GCC_NO_COMMON_BLOCKS = YES;
				GCC_OPTIMIZATION_LEVEL = 0;
				GCC_PREPROCESSOR_DEFINITIONS = (
					"DEBUG=1",
					"$(inherited)",
				);
				GCC_WARN_64_TO_32_BIT_CONVERSION = YES;
				GCC_WARN_ABOUT_RETURN_TYPE = YES_ERROR;
				GCC_WARN_UNDECLARED_SELECTOR = YES;
				GCC_WARN_UNINITIALIZED_AUTOS = YES_AGGRESSIVE;
				GCC_WARN_UNUSED_FUNCTION = YES;
				GCC_WARN_UNUSED_VARIABLE = YES;
				IPHONEOS_DEPLOYMENT_TARGET = 12.2;
				MTL_ENABLE_DEBUG_INFO = INCLUDE_SOURCE;
				MTL_FAST_MATH = YES;
				ONLY_ACTIVE_ARCH = YES;
				SDKROOT = iphoneos;
				SWIFT_ACTIVE_COMPILATION_CONDITIONS = DEBUG;
				SWIFT_OPTIMIZATION_LEVEL = "-Onone";
			};
			name = Debug;
		};
		5B932D9B22CDC8C100FF8137 /* Release */ = {
			isa = XCBuildConfiguration;
			buildSettings = {
				ALWAYS_SEARCH_USER_PATHS = NO;
				CLANG_ANALYZER_NONNULL = YES;
				CLANG_ANALYZER_NUMBER_OBJECT_CONVERSION = YES_AGGRESSIVE;
				CLANG_CXX_LANGUAGE_STANDARD = "gnu++14";
				CLANG_CXX_LIBRARY = "libc++";
				CLANG_ENABLE_MODULES = YES;
				CLANG_ENABLE_OBJC_ARC = YES;
				CLANG_ENABLE_OBJC_WEAK = YES;
				CLANG_WARN_BLOCK_CAPTURE_AUTORELEASING = YES;
				CLANG_WARN_BOOL_CONVERSION = YES;
				CLANG_WARN_COMMA = YES;
				CLANG_WARN_CONSTANT_CONVERSION = YES;
				CLANG_WARN_DEPRECATED_OBJC_IMPLEMENTATIONS = YES;
				CLANG_WARN_DIRECT_OBJC_ISA_USAGE = YES_ERROR;
				CLANG_WARN_DOCUMENTATION_COMMENTS = YES;
				CLANG_WARN_EMPTY_BODY = YES;
				CLANG_WARN_ENUM_CONVERSION = YES;
				CLANG_WARN_INFINITE_RECURSION = YES;
				CLANG_WARN_INT_CONVERSION = YES;
				CLANG_WARN_NON_LITERAL_NULL_CONVERSION = YES;
				CLANG_WARN_OBJC_IMPLICIT_RETAIN_SELF = YES;
				CLANG_WARN_OBJC_LITERAL_CONVERSION = YES;
				CLANG_WARN_OBJC_ROOT_CLASS = YES_ERROR;
				CLANG_WARN_RANGE_LOOP_ANALYSIS = YES;
				CLANG_WARN_STRICT_PROTOTYPES = YES;
				CLANG_WARN_SUSPICIOUS_MOVE = YES;
				CLANG_WARN_UNGUARDED_AVAILABILITY = YES_AGGRESSIVE;
				CLANG_WARN_UNREACHABLE_CODE = YES;
				CLANG_WARN__DUPLICATE_METHOD_MATCH = YES;
				CODE_SIGN_IDENTITY = "iPhone Developer";
				COPY_PHASE_STRIP = NO;
				DEBUG_INFORMATION_FORMAT = "dwarf-with-dsym";
				ENABLE_NS_ASSERTIONS = NO;
				ENABLE_STRICT_OBJC_MSGSEND = YES;
				GCC_C_LANGUAGE_STANDARD = gnu11;
				GCC_NO_COMMON_BLOCKS = YES;
				GCC_WARN_64_TO_32_BIT_CONVERSION = YES;
				GCC_WARN_ABOUT_RETURN_TYPE = YES_ERROR;
				GCC_WARN_UNDECLARED_SELECTOR = YES;
				GCC_WARN_UNINITIALIZED_AUTOS = YES_AGGRESSIVE;
				GCC_WARN_UNUSED_FUNCTION = YES;
				GCC_WARN_UNUSED_VARIABLE = YES;
				IPHONEOS_DEPLOYMENT_TARGET = 12.2;
				MTL_ENABLE_DEBUG_INFO = NO;
				MTL_FAST_MATH = YES;
				SDKROOT = iphoneos;
				SWIFT_COMPILATION_MODE = wholemodule;
				SWIFT_OPTIMIZATION_LEVEL = "-O";
				VALIDATE_PRODUCT = YES;
			};
			name = Release;
		};
		5B932D9D22CDC8C100FF8137 /* Debug */ = {
			isa = XCBuildConfiguration;
			buildSettings = {
				ASSETCATALOG_COMPILER_APPICON_NAME = AppIcon;
				CODE_SIGN_STYLE = Automatic;
				DEVELOPMENT_TEAM = WDJV63377U;
				INFOPLIST_FILE = ARDemo/Info.plist;
				LD_RUNPATH_SEARCH_PATHS = (
					"$(inherited)",
					"@executable_path/Frameworks",
				);
				PRODUCT_BUNDLE_IDENTIFIER = com.TwistedFate.www.ARDemo;
				PRODUCT_NAME = "$(TARGET_NAME)";
				SWIFT_VERSION = 5.0;
				TARGETED_DEVICE_FAMILY = "1,2";
			};
			name = Debug;
		};
		5B932D9E22CDC8C100FF8137 /* Release */ = {
			isa = XCBuildConfiguration;
			buildSettings = {
				ASSETCATALOG_COMPILER_APPICON_NAME = AppIcon;
				CODE_SIGN_STYLE = Automatic;
				DEVELOPMENT_TEAM = WDJV63377U;
				INFOPLIST_FILE = ARDemo/Info.plist;
				LD_RUNPATH_SEARCH_PATHS = (
					"$(inherited)",
					"@executable_path/Frameworks",
				);
				PRODUCT_BUNDLE_IDENTIFIER = com.TwistedFate.www.ARDemo;
				PRODUCT_NAME = "$(TARGET_NAME)";
				SWIFT_VERSION = 5.0;
				TARGETED_DEVICE_FAMILY = "1,2";
			};
			name = Release;
		};
/* End XCBuildConfiguration section */

/* Begin XCConfigurationList section */
		5B932D8322CDC8C000FF8137 /* Build configuration list for PBXProject "ARDemo" */ = {
			isa = XCConfigurationList;
			buildConfigurations = (
				5B932D9A22CDC8C100FF8137 /* Debug */,
				5B932D9B22CDC8C100FF8137 /* Release */,
			);
			defaultConfigurationIsVisible = 0;
			defaultConfigurationName = Release;
		};
		5B932D9C22CDC8C100FF8137 /* Build configuration list for PBXNativeTarget "ARDemo" */ = {
			isa = XCConfigurationList;
			buildConfigurations = (
				5B932D9D22CDC8C100FF8137 /* Debug */,
				5B932D9E22CDC8C100FF8137 /* Release */,
			);
			defaultConfigurationIsVisible = 0;
			defaultConfigurationName = Release;
		};
/* End XCConfigurationList section */
	};
	rootObject = 5B932D8022CDC8C000FF8137 /* Project object */;
}
